
Microsoft Visual Studio Solution File, Format Version 12.00
# Visual Studio Version 16
VisualStudioVersion = 16.0.29509.3
MinimumVisualStudioVersion = 10.0.40219.1
Project("{FAE04EC0-301F-11D3-BF4B-00C04F79EFBC}") = "RedM.External", "RedM.External.csproj", "{40BB670F-4117-4DCB-A986-5A5E113B01F8}"
EndProject
Global
	GlobalSection(SolutionConfigurationPlatforms) = preSolution
		Debug|Any CPU = Debug|Any CPU
		Release|Any CPU = Release|Any CPU
	EndGlobalSection
	GlobalSection(ProjectConfigurationPlatforms) = postSolution
		{40BB670F-4117-4DCB-A986-5A5E113B01F8}.Debug|Any CPU.ActiveCfg = Debug|Any CPU
		{40BB670F-4117-4DCB-A986-5A5E113B01F8}.Debug|Any CPU.Build.0 = Debug|Any CPU
		{40BB670F-4117-4DCB-A986-5A5E113B01F8}.Release|Any CPU.ActiveCfg = Release|Any CPU
		{40BB670F-4117-4DCB-A986-5A5E113B01F8}.Release|Any CPU.Build.0 = Release|Any CPU
	EndGlobalSection
	GlobalSection(SolutionProperties) = preSolution
		HideSolutionNode = FALSE
	EndGlobalSection
	GlobalSection(ExtensibilityGlobals) = postSolution
		SolutionGuid = {1787C0B4-7159-4CD6-B6B9-F30875314154}
	EndGlobalSection
EndGlobal
